<Solution>
  <Configurations>
    <Platform Name="ARM64" />
    <Platform Name="x64" />
    <Platform Name="x86" />
  </Configurations>
  <Project Path="WineApp.Application/WineApp.Application.csproj" />
  <Project Path="WineApp.Domain/WineApp.Domain.csproj" />
  <Project Path="WineApp.Infrastructure/WineApp.Infrastructure.csproj" />
  <Project Path="WineApp.Presentation/WineApp.Presentation.csproj">
    <Platform Solution="*|ARM64" Project="ARM64" />
    <Platform Solution="*|x64" Project="x64" />
    <Platform Solution="*|x86" Project="x86" />
    <Deploy />
  </Project>
</Solution>
